
Microsoft Visual Studio Solution File, Format Version 12.00
# Visual Studio 15
VisualStudioVersion = 15.0.28307.757
MinimumVisualStudioVersion = 10.0.40219.1
Project("{FAE04EC0-301F-11D3-BF4B-00C04F79EFBC}") = "UI", "Chamados-2.0\UI.csproj", "{ACB6A89D-0610-469C-A4FD-E0B0138845BE}"
EndProject
Project("{FAE04EC0-301F-11D3-BF4B-00C04F79EFBC}") = "Entities", "Entities\Entities.csproj", "{822934CD-4FAB-4331-8D2B-6CA825488169}"
EndProject
Project("{FAE04EC0-301F-11D3-BF4B-00C04F79EFBC}") = "Services", "Services\Services.csproj", "{1BA93D17-2FCE-431A-9C44-642E16855D2B}"
EndProject
Project("{FAE04EC0-301F-11D3-BF4B-00C04F79EFBC}") = "Controllers", "Controlers\Controllers.csproj", "{1F714866-7335-42A6-9A65-1BC45D213F3F}"
EndProject
Project("{FAE04EC0-301F-11D3-BF4B-00C04F79EFBC}") = "Utils", "Utils\Utils.csproj", "{7AE6D776-5BFF-47C6-8F94-B3893820C633}"
EndProject
Global
	GlobalSection(SolutionConfigurationPlatforms) = preSolution
		Debug|Any CPU = Debug|Any CPU
		Release|Any CPU = Release|Any CPU
	EndGlobalSection
	GlobalSection(ProjectConfigurationPlatforms) = postSolution
		{ACB6A89D-0610-469C-A4FD-E0B0138845BE}.Debug|Any CPU.ActiveCfg = Debug|Any CPU
		{ACB6A89D-0610-469C-A4FD-E0B0138845BE}.Debug|Any CPU.Build.0 = Debug|Any CPU
		{ACB6A89D-0610-469C-A4FD-E0B0138845BE}.Release|Any CPU.ActiveCfg = Release|Any CPU
		{ACB6A89D-0610-469C-A4FD-E0B0138845BE}.Release|Any CPU.Build.0 = Release|Any CPU
		{822934CD-4FAB-4331-8D2B-6CA825488169}.Debug|Any CPU.ActiveCfg = Debug|Any CPU
		{822934CD-4FAB-4331-8D2B-6CA825488169}.Debug|Any CPU.Build.0 = Debug|Any CPU
		{822934CD-4FAB-4331-8D2B-6CA825488169}.Release|Any CPU.ActiveCfg = Release|Any CPU
		{822934CD-4FAB-4331-8D2B-6CA825488169}.Release|Any CPU.Build.0 = Release|Any CPU
		{1BA93D17-2FCE-431A-9C44-642E16855D2B}.Debug|Any CPU.ActiveCfg = Debug|Any CPU
		{1BA93D17-2FCE-431A-9C44-642E16855D2B}.Debug|Any CPU.Build.0 = Debug|Any CPU
		{1BA93D17-2FCE-431A-9C44-642E16855D2B}.Release|Any CPU.ActiveCfg = Release|Any CPU
		{1BA93D17-2FCE-431A-9C44-642E16855D2B}.Release|Any CPU.Build.0 = Release|Any CPU
		{1F714866-7335-42A6-9A65-1BC45D213F3F}.Debug|Any CPU.ActiveCfg = Debug|Any CPU
		{1F714866-7335-42A6-9A65-1BC45D213F3F}.Debug|Any CPU.Build.0 = Debug|Any CPU
		{1F714866-7335-42A6-9A65-1BC45D213F3F}.Release|Any CPU.ActiveCfg = Release|Any CPU
		{1F714866-7335-42A6-9A65-1BC45D213F3F}.Release|Any CPU.Build.0 = Release|Any CPU
		{7AE6D776-5BFF-47C6-8F94-B3893820C633}.Debug|Any CPU.ActiveCfg = Debug|Any CPU
		{7AE6D776-5BFF-47C6-8F94-B3893820C633}.Debug|Any CPU.Build.0 = Debug|Any CPU
		{7AE6D776-5BFF-47C6-8F94-B3893820C633}.Release|Any CPU.ActiveCfg = Release|Any CPU
		{7AE6D776-5BFF-47C6-8F94-B3893820C633}.Release|Any CPU.Build.0 = Release|Any CPU
	EndGlobalSection
	GlobalSection(SolutionProperties) = preSolution
		HideSolutionNode = FALSE
	EndGlobalSection
	GlobalSection(ExtensibilityGlobals) = postSolution
		SolutionGuid = {E1634AC4-1D1B-47CA-9C0F-EE53873141C4}
	EndGlobalSection
EndGlobal
